{
  "object": {
    "pins": [
      {
        "package": "FancyScrollView",
        "repositoryURL": "https://github.com/nerdsupremacist/FancyScrollView",
        "state": {
          "branch": null,
          "revision": "7f8194b23dc209cdb5b0ebc9799a8de487166fdf",
          "version": "0.1.4"
        }
      },
      {
        "package": "FocusEntity",
        "repositoryURL": "https://github.com/maxxfrazer/FocusEntity.git",
        "state": {
          "branch": null,
          "revision": "615af712434dcf0e4800909f6291d6a6a088b754",
          "version": "2.2.4"
        }
      }
    ]
  },
  "version": 1
}
