// !$*UTF8*$!
{
	archiveVersion = 1;
	classes = {
	};
	objectVersion = 55;
	objects = {

/* Begin PBXBuildFile section */
		1F87FC04278ED9540023F68F /* HouseView.swift in Sources */ = {isa = PBXBuildFile; fileRef = 1F87FC03278ED9540023F68F /* HouseView.swift */; };
		1FD8E805278F04BC00D1F1C2 /* ArtCarouselItem.swift in Sources */ = {isa = PBXBuildFile; fileRef = 1FD8E804278F04BC00D1F1C2 /* ArtCarouselItem.swift */; };
		1FD8E80A278F07AA00D1F1C2 /* ArtCarousel.swift in Sources */ = {isa = PBXBuildFile; fileRef = 1FD8E809278F07AA00D1F1C2 /* ArtCarousel.swift */; };
		1FD8E80C278F080200D1F1C2 /* Art.swift in Sources */ = {isa = PBXBuildFile; fileRef = 1FD8E80B278F080200D1F1C2 /* Art.swift */; };
		1FD8E810278F13B500D1F1C2 /* ArtListItem.swift in Sources */ = {isa = PBXBuildFile; fileRef = 1FD8E80F278F13B500D1F1C2 /* ArtListItem.swift */; };
		1FD8E812278F16A800D1F1C2 /* ArtList.swift in Sources */ = {isa = PBXBuildFile; fileRef = 1FD8E811278F16A800D1F1C2 /* ArtList.swift */; };
		25F6D910278E37CD00F3D2AD /* AppDelegate.swift in Sources */ = {isa = PBXBuildFile; fileRef = 25F6D90F278E37CD00F3D2AD /* AppDelegate.swift */; };
		25F6D912278E37CD00F3D2AD /* ContentView.swift in Sources */ = {isa = PBXBuildFile; fileRef = 25F6D911278E37CD00F3D2AD /* ContentView.swift */; };
		25F6D914278E37CD00F3D2AD /* Experience.rcproject in Sources */ = {isa = PBXBuildFile; fileRef = 25F6D913278E37CD00F3D2AD /* Experience.rcproject */; };
		25F6D916278E37CE00F3D2AD /* Assets.xcassets in Resources */ = {isa = PBXBuildFile; fileRef = 25F6D915278E37CE00F3D2AD /* Assets.xcassets */; };
		25F6D919278E37CE00F3D2AD /* Preview Assets.xcassets in Resources */ = {isa = PBXBuildFile; fileRef = 25F6D918278E37CE00F3D2AD /* Preview Assets.xcassets */; };
		25F6D921278E3A5000F3D2AD /* FocusEntity in Frameworks */ = {isa = PBXBuildFile; productRef = 25F6D920278E3A5000F3D2AD /* FocusEntity */; };
		25F6D923278E3AD500F3D2AD /* children_yellow.jpeg in Resources */ = {isa = PBXBuildFile; fileRef = 25F6D922278E3AD500F3D2AD /* children_yellow.jpeg */; };
		25F6D926278ECC0500F3D2AD /* HomeView.swift in Sources */ = {isa = PBXBuildFile; fileRef = 25F6D925278ECC0500F3D2AD /* HomeView.swift */; };
		25F6D92A278EDE3B00F3D2AD /* ARtView.swift in Sources */ = {isa = PBXBuildFile; fileRef = 25F6D929278EDE3B00F3D2AD /* ARtView.swift */; };
		25F6D9342790301300F3D2AD /* Header.swift in Sources */ = {isa = PBXBuildFile; fileRef = 25F6D9332790301300F3D2AD /* Header.swift */; };
/* End PBXBuildFile section */

/* Begin PBXFileReference section */
		1F87FC03278ED9540023F68F /* HouseView.swift */ = {isa = PBXFileReference; lastKnownFileType = sourcecode.swift; path = HouseView.swift; sourceTree = "<group>"; };
		1FD8E804278F04BC00D1F1C2 /* ArtCarouselItem.swift */ = {isa = PBXFileReference; lastKnownFileType = sourcecode.swift; path = ArtCarouselItem.swift; sourceTree = "<group>"; };
		1FD8E809278F07AA00D1F1C2 /* ArtCarousel.swift */ = {isa = PBXFileReference; lastKnownFileType = sourcecode.swift; path = ArtCarousel.swift; sourceTree = "<group>"; };
		1FD8E80B278F080200D1F1C2 /* Art.swift */ = {isa = PBXFileReference; lastKnownFileType = sourcecode.swift; path = Art.swift; sourceTree = "<group>"; };
		1FD8E80F278F13B500D1F1C2 /* ArtListItem.swift */ = {isa = PBXFileReference; lastKnownFileType = sourcecode.swift; path = ArtListItem.swift; sourceTree = "<group>"; };
		1FD8E811278F16A800D1F1C2 /* ArtList.swift */ = {isa = PBXFileReference; lastKnownFileType = sourcecode.swift; path = ArtList.swift; sourceTree = "<group>"; };
		25F6D90C278E37CD00F3D2AD /* ARt.app */ = {isa = PBXFileReference; explicitFileType = wrapper.application; includeInIndex = 0; path = ARt.app; sourceTree = BUILT_PRODUCTS_DIR; };
		25F6D90F278E37CD00F3D2AD /* AppDelegate.swift */ = {isa = PBXFileReference; lastKnownFileType = sourcecode.swift; path = AppDelegate.swift; sourceTree = "<group>"; };
		25F6D911278E37CD00F3D2AD /* ContentView.swift */ = {isa = PBXFileReference; lastKnownFileType = sourcecode.swift; path = ContentView.swift; sourceTree = "<group>"; };
		25F6D913278E37CD00F3D2AD /* Experience.rcproject */ = {isa = PBXFileReference; lastKnownFileType = file.rcproject; path = Experience.rcproject; sourceTree = "<group>"; };
		25F6D915278E37CE00F3D2AD /* Assets.xcassets */ = {isa = PBXFileReference; lastKnownFileType = folder.assetcatalog; path = Assets.xcassets; sourceTree = "<group>"; };
		25F6D918278E37CE00F3D2AD /* Preview Assets.xcassets */ = {isa = PBXFileReference; lastKnownFileType = folder.assetcatalog; path = "Preview Assets.xcassets"; sourceTree = "<group>"; };
		25F6D922278E3AD500F3D2AD /* children_yellow.jpeg */ = {isa = PBXFileReference; lastKnownFileType = image.jpeg; path = children_yellow.jpeg; sourceTree = "<group>"; };
		25F6D925278ECC0500F3D2AD /* HomeView.swift */ = {isa = PBXFileReference; lastKnownFileType = sourcecode.swift; path = HomeView.swift; sourceTree = "<group>"; };
		25F6D929278EDE3B00F3D2AD /* ARtView.swift */ = {isa = PBXFileReference; lastKnownFileType = sourcecode.swift; path = ARtView.swift; sourceTree = "<group>"; };
		25F6D9332790301300F3D2AD /* Header.swift */ = {isa = PBXFileReference; lastKnownFileType = sourcecode.swift; path = Header.swift; sourceTree = "<group>"; };
/* End PBXFileReference section */

/* Begin PBXFrameworksBuildPhase section */
		25F6D909278E37CD00F3D2AD /* Frameworks */ = {
			isa = PBXFrameworksBuildPhase;
			buildActionMask = 2147483647;
			files = (
				25F6D921278E3A5000F3D2AD /* FocusEntity in Frameworks */,
			);
			runOnlyForDeploymentPostprocessing = 0;
		};
/* End PBXFrameworksBuildPhase section */

/* Begin PBXGroup section */
		1FD8E80D278F135100D1F1C2 /* Art_List */ = {
			isa = PBXGroup;
			children = (
				1FD8E80F278F13B500D1F1C2 /* ArtListItem.swift */,
				1FD8E811278F16A800D1F1C2 /* ArtList.swift */,
			);
			path = Art_List;
			sourceTree = "<group>";
		};
		1FD8E80E278F137000D1F1C2 /* Carousel */ = {
			isa = PBXGroup;
			children = (
				1FD8E804278F04BC00D1F1C2 /* ArtCarouselItem.swift */,
				1FD8E809278F07AA00D1F1C2 /* ArtCarousel.swift */,
			);
			path = Carousel;
			sourceTree = "<group>";
		};
		25F6D903278E37CD00F3D2AD = {
			isa = PBXGroup;
			children = (
				25F6D90E278E37CD00F3D2AD /* ARt */,
				25F6D90D278E37CD00F3D2AD /* Products */,
			);
			sourceTree = "<group>";
		};
		25F6D90D278E37CD00F3D2AD /* Products */ = {
			isa = PBXGroup;
			children = (
				25F6D90C278E37CD00F3D2AD /* ARt.app */,
			);
			name = Products;
			sourceTree = "<group>";
		};
		25F6D90E278E37CD00F3D2AD /* ARt */ = {
			isa = PBXGroup;
			children = (
				25F6D924278ECB4100F3D2AD /* Screens */,
				25F6D93227902F1F00F3D2AD /* Components */,
				25F6D93127902EF400F3D2AD /* Models */,
				1F87FC03278ED9540023F68F /* HouseView.swift */,
				25F6D922278E3AD500F3D2AD /* children_yellow.jpeg */,
				25F6D90F278E37CD00F3D2AD /* AppDelegate.swift */,
				25F6D911278E37CD00F3D2AD /* ContentView.swift */,
				25F6D913278E37CD00F3D2AD /* Experience.rcproject */,
				25F6D915278E37CE00F3D2AD /* Assets.xcassets */,
				25F6D917278E37CE00F3D2AD /* Preview Content */,
			);
			path = ARt;
			sourceTree = "<group>";
		};
		25F6D917278E37CE00F3D2AD /* Preview Content */ = {
			isa = PBXGroup;
			children = (
				25F6D918278E37CE00F3D2AD /* Preview Assets.xcassets */,
			);
			path = "Preview Content";
			sourceTree = "<group>";
		};
		25F6D924278ECB4100F3D2AD /* Screens */ = {
			isa = PBXGroup;
			children = (
				25F6D925278ECC0500F3D2AD /* HomeView.swift */,
				25F6D929278EDE3B00F3D2AD /* ARtView.swift */,
			);
			path = Screens;
			sourceTree = "<group>";
		};
		25F6D93127902EF400F3D2AD /* Models */ = {
			isa = PBXGroup;
			children = (
				1FD8E80B278F080200D1F1C2 /* Art.swift */,
			);
			path = Models;
			sourceTree = "<group>";
		};
		25F6D93227902F1F00F3D2AD /* Components */ = {
			isa = PBXGroup;
			children = (
				1FD8E80E278F137000D1F1C2 /* Carousel */,
				1FD8E80D278F135100D1F1C2 /* Art_List */,
				25F6D9332790301300F3D2AD /* Header.swift */,
			);
			path = Components;
			sourceTree = "<group>";
		};
/* End PBXGroup section */

/* Begin PBXNativeTarget section */
		25F6D90B278E37CD00F3D2AD /* ARt */ = {
			isa = PBXNativeTarget;
			buildConfigurationList = 25F6D91C278E37CE00F3D2AD /* Build configuration list for PBXNativeTarget "ARt" */;
			buildPhases = (
				25F6D908278E37CD00F3D2AD /* Sources */,
				25F6D909278E37CD00F3D2AD /* Frameworks */,
				25F6D90A278E37CD00F3D2AD /* Resources */,
			);
			buildRules = (
			);
			dependencies = (
			);
			name = ARt;
			packageProductDependencies = (
				25F6D920278E3A5000F3D2AD /* FocusEntity */,
			);
			productName = ARt;
			productReference = 25F6D90C278E37CD00F3D2AD /* ARt.app */;
			productType = "com.apple.product-type.application";
		};
/* End PBXNativeTarget section */

/* Begin PBXProject section */
		25F6D904278E37CD00F3D2AD /* Project object */ = {
			isa = PBXProject;
			attributes = {
				BuildIndependentTargetsInParallel = 1;
				LastSwiftUpdateCheck = 1310;
				LastUpgradeCheck = 1310;
				TargetAttributes = {
					25F6D90B278E37CD00F3D2AD = {
						CreatedOnToolsVersion = 13.1;
					};
				};
			};
			buildConfigurationList = 25F6D907278E37CD00F3D2AD /* Build configuration list for PBXProject "ARt" */;
			compatibilityVersion = "Xcode 13.0";
			developmentRegion = en;
			hasScannedForEncodings = 0;
			knownRegions = (
				en,
				Base,
			);
			mainGroup = 25F6D903278E37CD00F3D2AD;
			packageReferences = (
				25F6D91F278E3A5000F3D2AD /* XCRemoteSwiftPackageReference "FocusEntity" */,
			);
			productRefGroup = 25F6D90D278E37CD00F3D2AD /* Products */;
			projectDirPath = "";
			projectRoot = "";
			targets = (
				25F6D90B278E37CD00F3D2AD /* ARt */,
			);
		};
/* End PBXProject section */

/* Begin PBXResourcesBuildPhase section */
		25F6D90A278E37CD00F3D2AD /* Resources */ = {
			isa = PBXResourcesBuildPhase;
			buildActionMask = 2147483647;
			files = (
				25F6D919278E37CE00F3D2AD /* Preview Assets.xcassets in Resources */,
				25F6D923278E3AD500F3D2AD /* children_yellow.jpeg in Resources */,
				25F6D916278E37CE00F3D2AD /* Assets.xcassets in Resources */,
			);
			runOnlyForDeploymentPostprocessing = 0;
		};
/* End PBXResourcesBuildPhase section */

/* Begin PBXSourcesBuildPhase section */
		25F6D908278E37CD00F3D2AD /* Sources */ = {
			isa = PBXSourcesBuildPhase;
			buildActionMask = 2147483647;
			files = (
				25F6D926278ECC0500F3D2AD /* HomeView.swift in Sources */,
				1F87FC04278ED9540023F68F /* HouseView.swift in Sources */,
				25F6D912278E37CD00F3D2AD /* ContentView.swift in Sources */,
				1FD8E80C278F080200D1F1C2 /* Art.swift in Sources */,
				1FD8E80A278F07AA00D1F1C2 /* ArtCarousel.swift in Sources */,
				1FD8E812278F16A800D1F1C2 /* ArtList.swift in Sources */,
				1FD8E805278F04BC00D1F1C2 /* ArtCarouselItem.swift in Sources */,
				1FD8E810278F13B500D1F1C2 /* ArtListItem.swift in Sources */,
				25F6D92A278EDE3B00F3D2AD /* ARtView.swift in Sources */,
				25F6D910278E37CD00F3D2AD /* AppDelegate.swift in Sources */,
				25F6D92A278EDE3B00F3D2AD /* ARtView.swift in Sources */,
				25F6D914278E37CD00F3D2AD /* Experience.rcproject in Sources */,
			);
			runOnlyForDeploymentPostprocessing = 0;
		};
/* End PBXSourcesBuildPhase section */

/* Begin XCBuildConfiguration section */
		25F6D91A278E37CE00F3D2AD /* Debug */ = {
			isa = XCBuildConfiguration;
			buildSettings = {
				ALWAYS_SEARCH_USER_PATHS = NO;
				CLANG_ANALYZER_NONNULL = YES;
				CLANG_ANALYZER_NUMBER_OBJECT_CONVERSION = YES_AGGRESSIVE;
				CLANG_CXX_LANGUAGE_STANDARD = "gnu++17";
				CLANG_CXX_LIBRARY = "libc++";
				CLANG_ENABLE_MODULES = YES;
				CLANG_ENABLE_OBJC_ARC = YES;
				CLANG_ENABLE_OBJC_WEAK = YES;
				CLANG_WARN_BLOCK_CAPTURE_AUTORELEASING = YES;
				CLANG_WARN_BOOL_CONVERSION = YES;
				CLANG_WARN_COMMA = YES;
				CLANG_WARN_CONSTANT_CONVERSION = YES;
				CLANG_WARN_DEPRECATED_OBJC_IMPLEMENTATIONS = YES;
				CLANG_WARN_DIRECT_OBJC_ISA_USAGE = YES_ERROR;
				CLANG_WARN_DOCUMENTATION_COMMENTS = YES;
				CLANG_WARN_EMPTY_BODY = YES;
				CLANG_WARN_ENUM_CONVERSION = YES;
				CLANG_WARN_INFINITE_RECURSION = YES;
				CLANG_WARN_INT_CONVERSION = YES;
				CLANG_WARN_NON_LITERAL_NULL_CONVERSION = YES;
				CLANG_WARN_OBJC_IMPLICIT_RETAIN_SELF = YES;
				CLANG_WARN_OBJC_LITERAL_CONVERSION = YES;
				CLANG_WARN_OBJC_ROOT_CLASS = YES_ERROR;
				CLANG_WARN_QUOTED_INCLUDE_IN_FRAMEWORK_HEADER = YES;
				CLANG_WARN_RANGE_LOOP_ANALYSIS = YES;
				CLANG_WARN_STRICT_PROTOTYPES = YES;
				CLANG_WARN_SUSPICIOUS_MOVE = YES;
				CLANG_WARN_UNGUARDED_AVAILABILITY = YES_AGGRESSIVE;
				CLANG_WARN_UNREACHABLE_CODE = YES;
				CLANG_WARN__DUPLICATE_METHOD_MATCH = YES;
				COPY_PHASE_STRIP = NO;
				DEBUG_INFORMATION_FORMAT = dwarf;
				ENABLE_STRICT_OBJC_MSGSEND = YES;
				ENABLE_TESTABILITY = YES;
				GCC_C_LANGUAGE_STANDARD = gnu11;
				GCC_DYNAMIC_NO_PIC = NO;
				GCC_NO_COMMON_BLOCKS = YES;
				GCC_OPTIMIZATION_LEVEL = 0;
				GCC_PREPROCESSOR_DEFINITIONS = (
					"DEBUG=1",
					"$(inherited)",
				);
				GCC_WARN_64_TO_32_BIT_CONVERSION = YES;
				GCC_WARN_ABOUT_RETURN_TYPE = YES_ERROR;
				GCC_WARN_UNDECLARED_SELECTOR = YES;
				GCC_WARN_UNINITIALIZED_AUTOS = YES_AGGRESSIVE;
				GCC_WARN_UNUSED_FUNCTION = YES;
				GCC_WARN_UNUSED_VARIABLE = YES;
				IPHONEOS_DEPLOYMENT_TARGET = 15.0;
				MTL_ENABLE_DEBUG_INFO = INCLUDE_SOURCE;
				MTL_FAST_MATH = YES;
				ONLY_ACTIVE_ARCH = YES;
				SDKROOT = iphoneos;
				SWIFT_ACTIVE_COMPILATION_CONDITIONS = DEBUG;
				SWIFT_OPTIMIZATION_LEVEL = "-Onone";
			};
			name = Debug;
		};
		25F6D91B278E37CE00F3D2AD /* Release */ = {
			isa = XCBuildConfiguration;
			buildSettings = {
				ALWAYS_SEARCH_USER_PATHS = NO;
				CLANG_ANALYZER_NONNULL = YES;
				CLANG_ANALYZER_NUMBER_OBJECT_CONVERSION = YES_AGGRESSIVE;
				CLANG_CXX_LANGUAGE_STANDARD = "gnu++17";
				CLANG_CXX_LIBRARY = "libc++";
				CLANG_ENABLE_MODULES = YES;
				CLANG_ENABLE_OBJC_ARC = YES;
				CLANG_ENABLE_OBJC_WEAK = YES;
				CLANG_WARN_BLOCK_CAPTURE_AUTORELEASING = YES;
				CLANG_WARN_BOOL_CONVERSION = YES;
				CLANG_WARN_COMMA = YES;
				CLANG_WARN_CONSTANT_CONVERSION = YES;
				CLANG_WARN_DEPRECATED_OBJC_IMPLEMENTATIONS = YES;
				CLANG_WARN_DIRECT_OBJC_ISA_USAGE = YES_ERROR;
				CLANG_WARN_DOCUMENTATION_COMMENTS = YES;
				CLANG_WARN_EMPTY_BODY = YES;
				CLANG_WARN_ENUM_CONVERSION = YES;
				CLANG_WARN_INFINITE_RECURSION = YES;
				CLANG_WARN_INT_CONVERSION = YES;
				CLANG_WARN_NON_LITERAL_NULL_CONVERSION = YES;
				CLANG_WARN_OBJC_IMPLICIT_RETAIN_SELF = YES;
				CLANG_WARN_OBJC_LITERAL_CONVERSION = YES;
				CLANG_WARN_OBJC_ROOT_CLASS = YES_ERROR;
				CLANG_WARN_QUOTED_INCLUDE_IN_FRAMEWORK_HEADER = YES;
				CLANG_WARN_RANGE_LOOP_ANALYSIS = YES;
				CLANG_WARN_STRICT_PROTOTYPES = YES;
				CLANG_WARN_SUSPICIOUS_MOVE = YES;
				CLANG_WARN_UNGUARDED_AVAILABILITY = YES_AGGRESSIVE;
				CLANG_WARN_UNREACHABLE_CODE = YES;
				CLANG_WARN__DUPLICATE_METHOD_MATCH = YES;
				COPY_PHASE_STRIP = NO;
				DEBUG_INFORMATION_FORMAT = "dwarf-with-dsym";
				ENABLE_NS_ASSERTIONS = NO;
				ENABLE_STRICT_OBJC_MSGSEND = YES;
				GCC_C_LANGUAGE_STANDARD = gnu11;
				GCC_NO_COMMON_BLOCKS = YES;
				GCC_WARN_64_TO_32_BIT_CONVERSION = YES;
				GCC_WARN_ABOUT_RETURN_TYPE = YES_ERROR;
				GCC_WARN_UNDECLARED_SELECTOR = YES;
				GCC_WARN_UNINITIALIZED_AUTOS = YES_AGGRESSIVE;
				GCC_WARN_UNUSED_FUNCTION = YES;
				GCC_WARN_UNUSED_VARIABLE = YES;
				IPHONEOS_DEPLOYMENT_TARGET = 15.0;
				MTL_ENABLE_DEBUG_INFO = NO;
				MTL_FAST_MATH = YES;
				SDKROOT = iphoneos;
				SWIFT_COMPILATION_MODE = wholemodule;
				SWIFT_OPTIMIZATION_LEVEL = "-O";
				VALIDATE_PRODUCT = YES;
			};
			name = Release;
		};
		25F6D91D278E37CE00F3D2AD /* Debug */ = {
			isa = XCBuildConfiguration;
			buildSettings = {
				ASSETCATALOG_COMPILER_APPICON_NAME = AppIcon;
				ASSETCATALOG_COMPILER_GLOBAL_ACCENT_COLOR_NAME = AccentColor;
				CODE_SIGN_STYLE = Automatic;
				CURRENT_PROJECT_VERSION = 1;
				DEVELOPMENT_ASSET_PATHS = "\"ARt/Preview Content\"";
				DEVELOPMENT_TEAM = AAMRL89976;
				ENABLE_PREVIEWS = YES;
				GENERATE_INFOPLIST_FILE = YES;
				INFOPLIST_KEY_NSCameraUsageDescription = "";
				INFOPLIST_KEY_UIApplicationSupportsIndirectInputEvents = YES;
				INFOPLIST_KEY_UILaunchScreen_Generation = YES;
				INFOPLIST_KEY_UIRequiredDeviceCapabilities = arkit;
				INFOPLIST_KEY_UIStatusBarHidden = YES;
				INFOPLIST_KEY_UISupportedInterfaceOrientations_iPad = "UIInterfaceOrientationPortrait UIInterfaceOrientationPortraitUpsideDown UIInterfaceOrientationLandscapeLeft UIInterfaceOrientationLandscapeRight";
				INFOPLIST_KEY_UISupportedInterfaceOrientations_iPhone = "UIInterfaceOrientationPortrait UIInterfaceOrientationLandscapeLeft UIInterfaceOrientationLandscapeRight";
				LD_RUNPATH_SEARCH_PATHS = (
					"$(inherited)",
					"@executable_path/Frameworks",
				);
				MARKETING_VERSION = 1.0;
				PRODUCT_BUNDLE_IDENTIFIER = dev.jorritv.ARt;
				PRODUCT_NAME = "$(TARGET_NAME)";
				SWIFT_EMIT_LOC_STRINGS = YES;
				SWIFT_VERSION = 5.0;
				TARGETED_DEVICE_FAMILY = "1,2";
			};
			name = Debug;
		};
		25F6D91E278E37CE00F3D2AD /* Release */ = {
			isa = XCBuildConfiguration;
			buildSettings = {
				ASSETCATALOG_COMPILER_APPICON_NAME = AppIcon;
				ASSETCATALOG_COMPILER_GLOBAL_ACCENT_COLOR_NAME = AccentColor;
				CODE_SIGN_STYLE = Automatic;
				CURRENT_PROJECT_VERSION = 1;
				DEVELOPMENT_ASSET_PATHS = "\"ARt/Preview Content\"";
				DEVELOPMENT_TEAM = AAMRL89976;
				ENABLE_PREVIEWS = YES;
				GENERATE_INFOPLIST_FILE = YES;
				INFOPLIST_KEY_NSCameraUsageDescription = "";
				INFOPLIST_KEY_UIApplicationSupportsIndirectInputEvents = YES;
				INFOPLIST_KEY_UILaunchScreen_Generation = YES;
				INFOPLIST_KEY_UIRequiredDeviceCapabilities = arkit;
				INFOPLIST_KEY_UIStatusBarHidden = YES;
				INFOPLIST_KEY_UISupportedInterfaceOrientations_iPad = "UIInterfaceOrientationPortrait UIInterfaceOrientationPortraitUpsideDown UIInterfaceOrientationLandscapeLeft UIInterfaceOrientationLandscapeRight";
				INFOPLIST_KEY_UISupportedInterfaceOrientations_iPhone = "UIInterfaceOrientationPortrait UIInterfaceOrientationLandscapeLeft UIInterfaceOrientationLandscapeRight";
				LD_RUNPATH_SEARCH_PATHS = (
					"$(inherited)",
					"@executable_path/Frameworks",
				);
				MARKETING_VERSION = 1.0;
				PRODUCT_BUNDLE_IDENTIFIER = dev.jorritv.ARt;
				PRODUCT_NAME = "$(TARGET_NAME)";
				SWIFT_EMIT_LOC_STRINGS = YES;
				SWIFT_VERSION = 5.0;
				TARGETED_DEVICE_FAMILY = "1,2";
			};
			name = Release;
		};
/* End XCBuildConfiguration section */

/* Begin XCConfigurationList section */
		25F6D907278E37CD00F3D2AD /* Build configuration list for PBXProject "ARt" */ = {
			isa = XCConfigurationList;
			buildConfigurations = (
				25F6D91A278E37CE00F3D2AD /* Debug */,
				25F6D91B278E37CE00F3D2AD /* Release */,
			);
			defaultConfigurationIsVisible = 0;
			defaultConfigurationName = Release;
		};
		25F6D91C278E37CE00F3D2AD /* Build configuration list for PBXNativeTarget "ARt" */ = {
			isa = XCConfigurationList;
			buildConfigurations = (
				25F6D91D278E37CE00F3D2AD /* Debug */,
				25F6D91E278E37CE00F3D2AD /* Release */,
			);
			defaultConfigurationIsVisible = 0;
			defaultConfigurationName = Release;
		};
/* End XCConfigurationList section */

/* Begin XCRemoteSwiftPackageReference section */
		25F6D91F278E3A5000F3D2AD /* XCRemoteSwiftPackageReference "FocusEntity" */ = {
			isa = XCRemoteSwiftPackageReference;
			repositoryURL = "https://github.com/maxxfrazer/FocusEntity.git";
			requirement = {
				kind = upToNextMajorVersion;
				minimumVersion = 2.0.0;
			};
		};
/* End XCRemoteSwiftPackageReference section */

/* Begin XCSwiftPackageProductDependency section */
		25F6D920278E3A5000F3D2AD /* FocusEntity */ = {
			isa = XCSwiftPackageProductDependency;
			package = 25F6D91F278E3A5000F3D2AD /* XCRemoteSwiftPackageReference "FocusEntity" */;
			productName = FocusEntity;
		};
/* End XCSwiftPackageProductDependency section */
	};
	rootObject = 25F6D904278E37CD00F3D2AD /* Project object */;
}
